
Microsoft Visual Studio Solution File, Format Version 12.00
# Visual Studio 15
VisualStudioVersion = 15.0.27703.2026
MinimumVisualStudioVersion = 10.0.40219.1
Project("{FAE04EC0-301F-11D3-BF4B-00C04F79EFBC}") = "EFCoreSelectInit", "EFCoreSelectInit\EFCoreSelectInit.csproj", "{F8FCBF5F-7E9E-4FC5-A9BB-39ADE2AAE552}"
EndProject
Global
	GlobalSection(SolutionConfigurationPlatforms) = preSolution
		Debug|Any CPU = Debug|Any CPU
		Release|Any CPU = Release|Any CPU
	EndGlobalSection
	GlobalSection(ProjectConfigurationPlatforms) = postSolution
		{F8FCBF5F-7E9E-4FC5-A9BB-39ADE2AAE552}.Debug|Any CPU.ActiveCfg = Debug|Any CPU
		{F8FCBF5F-7E9E-4FC5-A9BB-39ADE2AAE552}.Debug|Any CPU.Build.0 = Debug|Any CPU
		{F8FCBF5F-7E9E-4FC5-A9BB-39ADE2AAE552}.Release|Any CPU.ActiveCfg = Release|Any CPU
		{F8FCBF5F-7E9E-4FC5-A9BB-39ADE2AAE552}.Release|Any CPU.Build.0 = Release|Any CPU
	EndGlobalSection
	GlobalSection(SolutionProperties) = preSolution
		HideSolutionNode = FALSE
	EndGlobalSection
	GlobalSection(ExtensibilityGlobals) = postSolution
		SolutionGuid = {755E4EDA-54F6-4EF7-839C-2039EF5A3AD4}
	EndGlobalSection
EndGlobal
